// !$*UTF8*$!
{
	archiveVersion = 1;
	classes = {
	};
	objectVersion = 55;
	objects = {

/* Begin PBXBuildFile section */
		7F7C6F062808795700FD29EC /* AppDelegate.swift in Sources */ = {isa = PBXBuildFile; fileRef = 7F7C6F052808795700FD29EC /* AppDelegate.swift */; };
		7F7C6F082808795700FD29EC /* SceneDelegate.swift in Sources */ = {isa = PBXBuildFile; fileRef = 7F7C6F072808795700FD29EC /* SceneDelegate.swift */; };
		7F7C6F0A2808795700FD29EC /* ViewController.swift in Sources */ = {isa = PBXBuildFile; fileRef = 7F7C6F092808795700FD29EC /* ViewController.swift */; };
		7F7C6F0D2808795700FD29EC /* Main.storyboard in Resources */ = {isa = PBXBuildFile; fileRef = 7F7C6F0B2808795700FD29EC /* Main.storyboard */; };
		7F7C6F102808795700FD29EC /* Event_Finance_Manager.xcdatamodeld in Sources */ = {isa = PBXBuildFile; fileRef = 7F7C6F0E2808795700FD29EC /* Event_Finance_Manager.xcdatamodeld */; };
		7F7C6F122808795800FD29EC /* Assets.xcassets in Resources */ = {isa = PBXBuildFile; fileRef = 7F7C6F112808795800FD29EC /* Assets.xcassets */; };
		7F7C6F152808795800FD29EC /* LaunchScreen.storyboard in Resources */ = {isa = PBXBuildFile; fileRef = 7F7C6F132808795800FD29EC /* LaunchScreen.storyboard */; };
		7F7C6F1E28087A9F00FD29EC /* EventsViewController.swift in Sources */ = {isa = PBXBuildFile; fileRef = 7F7C6F1C28087A9F00FD29EC /* EventsViewController.swift */; };
		7F7C6F1F28087A9F00FD29EC /* EventsViewController.xib in Resources */ = {isa = PBXBuildFile; fileRef = 7F7C6F1D28087A9F00FD29EC /* EventsViewController.xib */; };
		7F7C6F2428087B6200FD29EC /* ExpenseViewController.swift in Sources */ = {isa = PBXBuildFile; fileRef = 7F7C6F2228087B6200FD29EC /* ExpenseViewController.swift */; };
		7F7C6F2528087B6200FD29EC /* ExpenseViewController.xib in Resources */ = {isa = PBXBuildFile; fileRef = 7F7C6F2328087B6200FD29EC /* ExpenseViewController.xib */; };
		7F7C6F292808834A00FD29EC /* ExpenseTableViewCell.swift in Sources */ = {isa = PBXBuildFile; fileRef = 7F7C6F272808834A00FD29EC /* ExpenseTableViewCell.swift */; };
		7F7C6F2A2808834A00FD29EC /* ExpenseTableViewCell.xib in Resources */ = {isa = PBXBuildFile; fileRef = 7F7C6F282808834A00FD29EC /* ExpenseTableViewCell.xib */; };
		7F7C6F2E28088ECC00FD29EC /* AddExpenseViewController.swift in Sources */ = {isa = PBXBuildFile; fileRef = 7F7C6F2C28088ECC00FD29EC /* AddExpenseViewController.swift */; };
		7F7C6F2F28088ECC00FD29EC /* AddExpenseViewController.xib in Resources */ = {isa = PBXBuildFile; fileRef = 7F7C6F2D28088ECC00FD29EC /* AddExpenseViewController.xib */; };
		7F7C6F312808A86D00FD29EC /* ImagePicker.swift in Sources */ = {isa = PBXBuildFile; fileRef = 7F7C6F302808A86D00FD29EC /* ImagePicker.swift */; };
		7F7C6F342808B06400FD29EC /* Expense+CoreDataClass.swift in Sources */ = {isa = PBXBuildFile; fileRef = 7F7C6F322808B06400FD29EC /* Expense+CoreDataClass.swift */; };
		7F7C6F372808B4C500FD29EC /* CoreDataManager.swift in Sources */ = {isa = PBXBuildFile; fileRef = 7F7C6F362808B4C500FD29EC /* CoreDataManager.swift */; };
/* End PBXBuildFile section */

/* Begin PBXFileReference section */
		7F7C6F022808795700FD29EC /* Event Finance Manager.app */ = {isa = PBXFileReference; explicitFileType = wrapper.application; includeInIndex = 0; path = "Event Finance Manager.app"; sourceTree = BUILT_PRODUCTS_DIR; };
		7F7C6F052808795700FD29EC /* AppDelegate.swift */ = {isa = PBXFileReference; lastKnownFileType = sourcecode.swift; path = AppDelegate.swift; sourceTree = "<group>"; };
		7F7C6F072808795700FD29EC /* SceneDelegate.swift */ = {isa = PBXFileReference; lastKnownFileType = sourcecode.swift; path = SceneDelegate.swift; sourceTree = "<group>"; };
		7F7C6F092808795700FD29EC /* ViewController.swift */ = {isa = PBXFileReference; lastKnownFileType = sourcecode.swift; path = ViewController.swift; sourceTree = "<group>"; };
		7F7C6F0C2808795700FD29EC /* Base */ = {isa = PBXFileReference; lastKnownFileType = file.storyboard; name = Base; path = Base.lproj/Main.storyboard; sourceTree = "<group>"; };
		7F7C6F0F2808795700FD29EC /* Event_Finance_Manager.xcdatamodel */ = {isa = PBXFileReference; lastKnownFileType = wrapper.xcdatamodel; path = Event_Finance_Manager.xcdatamodel; sourceTree = "<group>"; };
		7F7C6F112808795800FD29EC /* Assets.xcassets */ = {isa = PBXFileReference; lastKnownFileType = folder.assetcatalog; path = Assets.xcassets; sourceTree = "<group>"; };
		7F7C6F142808795800FD29EC /* Base */ = {isa = PBXFileReference; lastKnownFileType = file.storyboard; name = Base; path = Base.lproj/LaunchScreen.storyboard; sourceTree = "<group>"; };
		7F7C6F162808795800FD29EC /* Info.plist */ = {isa = PBXFileReference; lastKnownFileType = text.plist.xml; path = Info.plist; sourceTree = "<group>"; };
		7F7C6F1C28087A9F00FD29EC /* EventsViewController.swift */ = {isa = PBXFileReference; lastKnownFileType = sourcecode.swift; path = EventsViewController.swift; sourceTree = "<group>"; };
		7F7C6F1D28087A9F00FD29EC /* EventsViewController.xib */ = {isa = PBXFileReference; lastKnownFileType = file.xib; path = EventsViewController.xib; sourceTree = "<group>"; };
		7F7C6F2228087B6200FD29EC /* ExpenseViewController.swift */ = {isa = PBXFileReference; lastKnownFileType = sourcecode.swift; path = ExpenseViewController.swift; sourceTree = "<group>"; };
		7F7C6F2328087B6200FD29EC /* ExpenseViewController.xib */ = {isa = PBXFileReference; lastKnownFileType = file.xib; path = ExpenseViewController.xib; sourceTree = "<group>"; };
		7F7C6F272808834A00FD29EC /* ExpenseTableViewCell.swift */ = {isa = PBXFileReference; lastKnownFileType = sourcecode.swift; path = ExpenseTableViewCell.swift; sourceTree = "<group>"; };
		7F7C6F282808834A00FD29EC /* ExpenseTableViewCell.xib */ = {isa = PBXFileReference; lastKnownFileType = file.xib; path = ExpenseTableViewCell.xib; sourceTree = "<group>"; };
		7F7C6F2C28088ECC00FD29EC /* AddExpenseViewController.swift */ = {isa = PBXFileReference; lastKnownFileType = sourcecode.swift; path = AddExpenseViewController.swift; sourceTree = "<group>"; };
		7F7C6F2D28088ECC00FD29EC /* AddExpenseViewController.xib */ = {isa = PBXFileReference; lastKnownFileType = file.xib; path = AddExpenseViewController.xib; sourceTree = "<group>"; };
		7F7C6F302808A86D00FD29EC /* ImagePicker.swift */ = {isa = PBXFileReference; lastKnownFileType = sourcecode.swift; path = ImagePicker.swift; sourceTree = "<group>"; };
		7F7C6F322808B06400FD29EC /* Expense+CoreDataClass.swift */ = {isa = PBXFileReference; lastKnownFileType = sourcecode.swift; path = "Expense+CoreDataClass.swift"; sourceTree = "<group>"; };
		7F7C6F362808B4C500FD29EC /* CoreDataManager.swift */ = {isa = PBXFileReference; fileEncoding = 4; lastKnownFileType = sourcecode.swift; path = CoreDataManager.swift; sourceTree = "<group>"; };
/* End PBXFileReference section */

/* Begin PBXFrameworksBuildPhase section */
		7F7C6EFF2808795700FD29EC /* Frameworks */ = {
			isa = PBXFrameworksBuildPhase;
			buildActionMask = 2147483647;
			files = (
			);
			runOnlyForDeploymentPostprocessing = 0;
		};
/* End PBXFrameworksBuildPhase section */

/* Begin PBXGroup section */
		7F7C6EF92808795700FD29EC = {
			isa = PBXGroup;
			children = (
				7F7C6F322808B06400FD29EC /* Expense+CoreDataClass.swift */,
				7F7C6F042808795700FD29EC /* Event Finance Manager */,
				7F7C6F032808795700FD29EC /* Products */,
			);
			sourceTree = "<group>";
		};
		7F7C6F032808795700FD29EC /* Products */ = {
			isa = PBXGroup;
			children = (
				7F7C6F022808795700FD29EC /* Event Finance Manager.app */,
			);
			name = Products;
			sourceTree = "<group>";
		};
		7F7C6F042808795700FD29EC /* Event Finance Manager */ = {
			isa = PBXGroup;
			children = (
				7F7C6F052808795700FD29EC /* AppDelegate.swift */,
				7F7C6F072808795700FD29EC /* SceneDelegate.swift */,
				7F7C6F092808795700FD29EC /* ViewController.swift */,
				7F7C6F302808A86D00FD29EC /* ImagePicker.swift */,
				7F7C6F362808B4C500FD29EC /* CoreDataManager.swift */,
				7F7C6F2B28088EB400FD29EC /* AddExpense */,
				7F7C6F2128087B4D00FD29EC /* Expense */,
				7F7C6F2028087AA400FD29EC /* Events */,
				7F7C6F0B2808795700FD29EC /* Main.storyboard */,
				7F7C6F112808795800FD29EC /* Assets.xcassets */,
				7F7C6F132808795800FD29EC /* LaunchScreen.storyboard */,
				7F7C6F162808795800FD29EC /* Info.plist */,
				7F7C6F0E2808795700FD29EC /* Event_Finance_Manager.xcdatamodeld */,
			);
			path = "Event Finance Manager";
			sourceTree = "<group>";
		};
		7F7C6F2028087AA400FD29EC /* Events */ = {
			isa = PBXGroup;
			children = (
				7F7C6F1C28087A9F00FD29EC /* EventsViewController.swift */,
				7F7C6F1D28087A9F00FD29EC /* EventsViewController.xib */,
			);
			path = Events;
			sourceTree = "<group>";
		};
		7F7C6F2128087B4D00FD29EC /* Expense */ = {
			isa = PBXGroup;
			children = (
				7F7C6F2228087B6200FD29EC /* ExpenseViewController.swift */,
				7F7C6F2328087B6200FD29EC /* ExpenseViewController.xib */,
				7F7C6F262808833100FD29EC /* ExpenseCell */,
			);
			path = Expense;
			sourceTree = "<group>";
		};
		7F7C6F262808833100FD29EC /* ExpenseCell */ = {
			isa = PBXGroup;
			children = (
				7F7C6F272808834A00FD29EC /* ExpenseTableViewCell.swift */,
				7F7C6F282808834A00FD29EC /* ExpenseTableViewCell.xib */,
			);
			path = ExpenseCell;
			sourceTree = "<group>";
		};
		7F7C6F2B28088EB400FD29EC /* AddExpense */ = {
			isa = PBXGroup;
			children = (
				7F7C6F2C28088ECC00FD29EC /* AddExpenseViewController.swift */,
				7F7C6F2D28088ECC00FD29EC /* AddExpenseViewController.xib */,
			);
			path = AddExpense;
			sourceTree = "<group>";
		};
/* End PBXGroup section */

/* Begin PBXNativeTarget section */
		7F7C6F012808795700FD29EC /* Event Finance Manager */ = {
			isa = PBXNativeTarget;
			buildConfigurationList = 7F7C6F192808795800FD29EC /* Build configuration list for PBXNativeTarget "Event Finance Manager" */;
			buildPhases = (
				7F7C6EFE2808795700FD29EC /* Sources */,
				7F7C6EFF2808795700FD29EC /* Frameworks */,
				7F7C6F002808795700FD29EC /* Resources */,
			);
			buildRules = (
			);
			dependencies = (
			);
			name = "Event Finance Manager";
			productName = "Event Finance Manager";
			productReference = 7F7C6F022808795700FD29EC /* Event Finance Manager.app */;
			productType = "com.apple.product-type.application";
		};
/* End PBXNativeTarget section */

/* Begin PBXProject section */
		7F7C6EFA2808795700FD29EC /* Project object */ = {
			isa = PBXProject;
			attributes = {
				BuildIndependentTargetsInParallel = 1;
				LastSwiftUpdateCheck = 1330;
				LastUpgradeCheck = 1330;
				TargetAttributes = {
					7F7C6F012808795700FD29EC = {
						CreatedOnToolsVersion = 13.3;
					};
				};
			};
			buildConfigurationList = 7F7C6EFD2808795700FD29EC /* Build configuration list for PBXProject "Event Finance Manager" */;
			compatibilityVersion = "Xcode 13.0";
			developmentRegion = en;
			hasScannedForEncodings = 0;
			knownRegions = (
				en,
				Base,
			);
			mainGroup = 7F7C6EF92808795700FD29EC;
			productRefGroup = 7F7C6F032808795700FD29EC /* Products */;
			projectDirPath = "";
			projectRoot = "";
			targets = (
				7F7C6F012808795700FD29EC /* Event Finance Manager */,
			);
		};
/* End PBXProject section */

/* Begin PBXResourcesBuildPhase section */
		7F7C6F002808795700FD29EC /* Resources */ = {
			isa = PBXResourcesBuildPhase;
			buildActionMask = 2147483647;
			files = (
				7F7C6F2528087B6200FD29EC /* ExpenseViewController.xib in Resources */,
				7F7C6F152808795800FD29EC /* LaunchScreen.storyboard in Resources */,
				7F7C6F2A2808834A00FD29EC /* ExpenseTableViewCell.xib in Resources */,
				7F7C6F1F28087A9F00FD29EC /* EventsViewController.xib in Resources */,
				7F7C6F122808795800FD29EC /* Assets.xcassets in Resources */,
				7F7C6F0D2808795700FD29EC /* Main.storyboard in Resources */,
				7F7C6F2F28088ECC00FD29EC /* AddExpenseViewController.xib in Resources */,
			);
			runOnlyForDeploymentPostprocessing = 0;
		};
/* End PBXResourcesBuildPhase section */

/* Begin PBXSourcesBuildPhase section */
		7F7C6EFE2808795700FD29EC /* Sources */ = {
			isa = PBXSourcesBuildPhase;
			buildActionMask = 2147483647;
			files = (
				7F7C6F0A2808795700FD29EC /* ViewController.swift in Sources */,
				7F7C6F2E28088ECC00FD29EC /* AddExpenseViewController.swift in Sources */,
				7F7C6F342808B06400FD29EC /* Expense+CoreDataClass.swift in Sources */,
				7F7C6F102808795700FD29EC /* Event_Finance_Manager.xcdatamodeld in Sources */,
				7F7C6F312808A86D00FD29EC /* ImagePicker.swift in Sources */,
				7F7C6F292808834A00FD29EC /* ExpenseTableViewCell.swift in Sources */,
				7F7C6F062808795700FD29EC /* AppDelegate.swift in Sources */,
				7F7C6F082808795700FD29EC /* SceneDelegate.swift in Sources */,
				7F7C6F1E28087A9F00FD29EC /* EventsViewController.swift in Sources */,
				7F7C6F2428087B6200FD29EC /* ExpenseViewController.swift in Sources */,
				7F7C6F372808B4C500FD29EC /* CoreDataManager.swift in Sources */,
			);
			runOnlyForDeploymentPostprocessing = 0;
		};
/* End PBXSourcesBuildPhase section */

/* Begin PBXVariantGroup section */
		7F7C6F0B2808795700FD29EC /* Main.storyboard */ = {
			isa = PBXVariantGroup;
			children = (
				7F7C6F0C2808795700FD29EC /* Base */,
			);
			name = Main.storyboard;
			sourceTree = "<group>";
		};
		7F7C6F132808795800FD29EC /* LaunchScreen.storyboard */ = {
			isa = PBXVariantGroup;
			children = (
				7F7C6F142808795800FD29EC /* Base */,
			);
			name = LaunchScreen.storyboard;
			sourceTree = "<group>";
		};
/* End PBXVariantGroup section */

/* Begin XCBuildConfiguration section */
		7F7C6F172808795800FD29EC /* Debug */ = {
			isa = XCBuildConfiguration;
			buildSettings = {
				ALWAYS_SEARCH_USER_PATHS = NO;
				CLANG_ANALYZER_NONNULL = YES;
				CLANG_ANALYZER_NUMBER_OBJECT_CONVERSION = YES_AGGRESSIVE;
				CLANG_CXX_LANGUAGE_STANDARD = "gnu++17";
				CLANG_ENABLE_MODULES = YES;
				CLANG_ENABLE_OBJC_ARC = YES;
				CLANG_ENABLE_OBJC_WEAK = YES;
				CLANG_WARN_BLOCK_CAPTURE_AUTORELEASING = YES;
				CLANG_WARN_BOOL_CONVERSION = YES;
				CLANG_WARN_COMMA = YES;
				CLANG_WARN_CONSTANT_CONVERSION = YES;
				CLANG_WARN_DEPRECATED_OBJC_IMPLEMENTATIONS = YES;
				CLANG_WARN_DIRECT_OBJC_ISA_USAGE = YES_ERROR;
				CLANG_WARN_DOCUMENTATION_COMMENTS = YES;
				CLANG_WARN_EMPTY_BODY = YES;
				CLANG_WARN_ENUM_CONVERSION = YES;
				CLANG_WARN_INFINITE_RECURSION = YES;
				CLANG_WARN_INT_CONVERSION = YES;
				CLANG_WARN_NON_LITERAL_NULL_CONVERSION = YES;
				CLANG_WARN_OBJC_IMPLICIT_RETAIN_SELF = YES;
				CLANG_WARN_OBJC_LITERAL_CONVERSION = YES;
				CLANG_WARN_OBJC_ROOT_CLASS = YES_ERROR;
				CLANG_WARN_QUOTED_INCLUDE_IN_FRAMEWORK_HEADER = YES;
				CLANG_WARN_RANGE_LOOP_ANALYSIS = YES;
				CLANG_WARN_STRICT_PROTOTYPES = YES;
				CLANG_WARN_SUSPICIOUS_MOVE = YES;
				CLANG_WARN_UNGUARDED_AVAILABILITY = YES_AGGRESSIVE;
				CLANG_WARN_UNREACHABLE_CODE = YES;
				CLANG_WARN__DUPLICATE_METHOD_MATCH = YES;
				COPY_PHASE_STRIP = NO;
				DEBUG_INFORMATION_FORMAT = dwarf;
				ENABLE_STRICT_OBJC_MSGSEND = YES;
				ENABLE_TESTABILITY = YES;
				GCC_C_LANGUAGE_STANDARD = gnu11;
				GCC_DYNAMIC_NO_PIC = NO;
				GCC_NO_COMMON_BLOCKS = YES;
				GCC_OPTIMIZATION_LEVEL = 0;
				GCC_PREPROCESSOR_DEFINITIONS = (
					"DEBUG=1",
					"$(inherited)",
				);
				GCC_WARN_64_TO_32_BIT_CONVERSION = YES;
				GCC_WARN_ABOUT_RETURN_TYPE = YES_ERROR;
				GCC_WARN_UNDECLARED_SELECTOR = YES;
				GCC_WARN_UNINITIALIZED_AUTOS = YES_AGGRESSIVE;
				GCC_WARN_UNUSED_FUNCTION = YES;
				GCC_WARN_UNUSED_VARIABLE = YES;
				IPHONEOS_DEPLOYMENT_TARGET = 15.4;
				MTL_ENABLE_DEBUG_INFO = INCLUDE_SOURCE;
				MTL_FAST_MATH = YES;
				ONLY_ACTIVE_ARCH = YES;
				SDKROOT = iphoneos;
				SWIFT_ACTIVE_COMPILATION_CONDITIONS = DEBUG;
				SWIFT_OPTIMIZATION_LEVEL = "-Onone";
			};
			name = Debug;
		};
		7F7C6F182808795800FD29EC /* Release */ = {
			isa = XCBuildConfiguration;
			buildSettings = {
				ALWAYS_SEARCH_USER_PATHS = NO;
				CLANG_ANALYZER_NONNULL = YES;
				CLANG_ANALYZER_NUMBER_OBJECT_CONVERSION = YES_AGGRESSIVE;
				CLANG_CXX_LANGUAGE_STANDARD = "gnu++17";
				CLANG_ENABLE_MODULES = YES;
				CLANG_ENABLE_OBJC_ARC = YES;
				CLANG_ENABLE_OBJC_WEAK = YES;
				CLANG_WARN_BLOCK_CAPTURE_AUTORELEASING = YES;
				CLANG_WARN_BOOL_CONVERSION = YES;
				CLANG_WARN_COMMA = YES;
				CLANG_WARN_CONSTANT_CONVERSION = YES;
				CLANG_WARN_DEPRECATED_OBJC_IMPLEMENTATIONS = YES;
				CLANG_WARN_DIRECT_OBJC_ISA_USAGE = YES_ERROR;
				CLANG_WARN_DOCUMENTATION_COMMENTS = YES;
				CLANG_WARN_EMPTY_BODY = YES;
				CLANG_WARN_ENUM_CONVERSION = YES;
				CLANG_WARN_INFINITE_RECURSION = YES;
				CLANG_WARN_INT_CONVERSION = YES;
				CLANG_WARN_NON_LITERAL_NULL_CONVERSION = YES;
				CLANG_WARN_OBJC_IMPLICIT_RETAIN_SELF = YES;
				CLANG_WARN_OBJC_LITERAL_CONVERSION = YES;
				CLANG_WARN_OBJC_ROOT_CLASS = YES_ERROR;
				CLANG_WARN_QUOTED_INCLUDE_IN_FRAMEWORK_HEADER = YES;
				CLANG_WARN_RANGE_LOOP_ANALYSIS = YES;
				CLANG_WARN_STRICT_PROTOTYPES = YES;
				CLANG_WARN_SUSPICIOUS_MOVE = YES;
				CLANG_WARN_UNGUARDED_AVAILABILITY = YES_AGGRESSIVE;
				CLANG_WARN_UNREACHABLE_CODE = YES;
				CLANG_WARN__DUPLICATE_METHOD_MATCH = YES;
				COPY_PHASE_STRIP = NO;
				DEBUG_INFORMATION_FORMAT = "dwarf-with-dsym";
				ENABLE_NS_ASSERTIONS = NO;
				ENABLE_STRICT_OBJC_MSGSEND = YES;
				GCC_C_LANGUAGE_STANDARD = gnu11;
				GCC_NO_COMMON_BLOCKS = YES;
				GCC_WARN_64_TO_32_BIT_CONVERSION = YES;
				GCC_WARN_ABOUT_RETURN_TYPE = YES_ERROR;
				GCC_WARN_UNDECLARED_SELECTOR = YES;
				GCC_WARN_UNINITIALIZED_AUTOS = YES_AGGRESSIVE;
				GCC_WARN_UNUSED_FUNCTION = YES;
				GCC_WARN_UNUSED_VARIABLE = YES;
				IPHONEOS_DEPLOYMENT_TARGET = 15.4;
				MTL_ENABLE_DEBUG_INFO = NO;
				MTL_FAST_MATH = YES;
				SDKROOT = iphoneos;
				SWIFT_COMPILATION_MODE = wholemodule;
				SWIFT_OPTIMIZATION_LEVEL = "-O";
				VALIDATE_PRODUCT = YES;
			};
			name = Release;
		};
		7F7C6F1A2808795800FD29EC /* Debug */ = {
			isa = XCBuildConfiguration;
			buildSettings = {
				ASSETCATALOG_COMPILER_APPICON_NAME = AppIcon;
				ASSETCATALOG_COMPILER_GLOBAL_ACCENT_COLOR_NAME = AccentColor;
				CODE_SIGN_STYLE = Automatic;
				CURRENT_PROJECT_VERSION = 1;
				DEVELOPMENT_TEAM = L2Z5JFXQ85;
				GENERATE_INFOPLIST_FILE = YES;
				INFOPLIST_FILE = "Event Finance Manager/Info.plist";
				INFOPLIST_KEY_UIApplicationSupportsIndirectInputEvents = YES;
				INFOPLIST_KEY_UILaunchStoryboardName = LaunchScreen;
				INFOPLIST_KEY_UIMainStoryboardFile = Main;
				INFOPLIST_KEY_UISupportedInterfaceOrientations_iPad = "UIInterfaceOrientationPortrait UIInterfaceOrientationPortraitUpsideDown UIInterfaceOrientationLandscapeLeft UIInterfaceOrientationLandscapeRight";
				INFOPLIST_KEY_UISupportedInterfaceOrientations_iPhone = "UIInterfaceOrientationPortrait UIInterfaceOrientationLandscapeLeft UIInterfaceOrientationLandscapeRight";
				IPHONEOS_DEPLOYMENT_TARGET = 13.0;
				LD_RUNPATH_SEARCH_PATHS = (
					"$(inherited)",
					"@executable_path/Frameworks",
				);
				MARKETING_VERSION = 1.0;
				PRODUCT_BUNDLE_IDENTIFIER = "com.saikiran.panuganti.Event-Finance-Manager";
				PRODUCT_NAME = "$(TARGET_NAME)";
				SWIFT_EMIT_LOC_STRINGS = YES;
				SWIFT_VERSION = 5.0;
				TARGETED_DEVICE_FAMILY = "1,2";
			};
			name = Debug;
		};
		7F7C6F1B2808795800FD29EC /* Release */ = {
			isa = XCBuildConfiguration;
			buildSettings = {
				ASSETCATALOG_COMPILER_APPICON_NAME = AppIcon;
				ASSETCATALOG_COMPILER_GLOBAL_ACCENT_COLOR_NAME = AccentColor;
				CODE_SIGN_STYLE = Automatic;
				CURRENT_PROJECT_VERSION = 1;
				DEVELOPMENT_TEAM = L2Z5JFXQ85;
				GENERATE_INFOPLIST_FILE = YES;
				INFOPLIST_FILE = "Event Finance Manager/Info.plist";
				INFOPLIST_KEY_UIApplicationSupportsIndirectInputEvents = YES;
				INFOPLIST_KEY_UILaunchStoryboardName = LaunchScreen;
				INFOPLIST_KEY_UIMainStoryboardFile = Main;
				INFOPLIST_KEY_UISupportedInterfaceOrientations_iPad = "UIInterfaceOrientationPortrait UIInterfaceOrientationPortraitUpsideDown UIInterfaceOrientationLandscapeLeft UIInterfaceOrientationLandscapeRight";
				INFOPLIST_KEY_UISupportedInterfaceOrientations_iPhone = "UIInterfaceOrientationPortrait UIInterfaceOrientationLandscapeLeft UIInterfaceOrientationLandscapeRight";
				IPHONEOS_DEPLOYMENT_TARGET = 13.0;
				LD_RUNPATH_SEARCH_PATHS = (
					"$(inherited)",
					"@executable_path/Frameworks",
				);
				MARKETING_VERSION = 1.0;
				PRODUCT_BUNDLE_IDENTIFIER = "com.saikiran.panuganti.Event-Finance-Manager";
				PRODUCT_NAME = "$(TARGET_NAME)";
				SWIFT_EMIT_LOC_STRINGS = YES;
				SWIFT_VERSION = 5.0;
				TARGETED_DEVICE_FAMILY = "1,2";
			};
			name = Release;
		};
/* End XCBuildConfiguration section */

/* Begin XCConfigurationList section */
		7F7C6EFD2808795700FD29EC /* Build configuration list for PBXProject "Event Finance Manager" */ = {
			isa = XCConfigurationList;
			buildConfigurations = (
				7F7C6F172808795800FD29EC /* Debug */,
				7F7C6F182808795800FD29EC /* Release */,
			);
			defaultConfigurationIsVisible = 0;
			defaultConfigurationName = Release;
		};
		7F7C6F192808795800FD29EC /* Build configuration list for PBXNativeTarget "Event Finance Manager" */ = {
			isa = XCConfigurationList;
			buildConfigurations = (
				7F7C6F1A2808795800FD29EC /* Debug */,
				7F7C6F1B2808795800FD29EC /* Release */,
			);
			defaultConfigurationIsVisible = 0;
			defaultConfigurationName = Release;
		};
/* End XCConfigurationList section */

/* Begin XCVersionGroup section */
		7F7C6F0E2808795700FD29EC /* Event_Finance_Manager.xcdatamodeld */ = {
			isa = XCVersionGroup;
			children = (
				7F7C6F0F2808795700FD29EC /* Event_Finance_Manager.xcdatamodel */,
			);
			currentVersion = 7F7C6F0F2808795700FD29EC /* Event_Finance_Manager.xcdatamodel */;
			path = Event_Finance_Manager.xcdatamodeld;
			sourceTree = "<group>";
			versionGroupType = wrapper.xcdatamodel;
		};
/* End XCVersionGroup section */
	};
	rootObject = 7F7C6EFA2808795700FD29EC /* Project object */;
}
